// !$*UTF8*$!
{
	archiveVersion = 1;
	classes = {
	};
	objectVersion = 46;
	objects = {

/* Begin PBXBuildFile section */
		31CB8F00FB776A0B6A9C0F7A /* Pods_ChatApp.framework in Frameworks */ = {isa = PBXBuildFile; fileRef = 6E98C78E3C9241AF6A89AD45 /* Pods_ChatApp.framework */; };
		35F1EDC51D9350B70013CDB5 /* AppDelegate.swift in Sources */ = {isa = PBXBuildFile; fileRef = 35F1EDC41D9350B70013CDB5 /* AppDelegate.swift */; };
		35F1EDCA1D9350B70013CDB5 /* Main.storyboard in Resources */ = {isa = PBXBuildFile; fileRef = 35F1EDC81D9350B70013CDB5 /* Main.storyboard */; };
		35F1EDCC1D9350B70013CDB5 /* Assets.xcassets in Resources */ = {isa = PBXBuildFile; fileRef = 35F1EDCB1D9350B70013CDB5 /* Assets.xcassets */; };
		35F1EDCF1D9350B70013CDB5 /* LaunchScreen.storyboard in Resources */ = {isa = PBXBuildFile; fileRef = 35F1EDCD1D9350B70013CDB5 /* LaunchScreen.storyboard */; };
		35F1EDD91D93518A0013CDB5 /* LoginVC.swift in Sources */ = {isa = PBXBuildFile; fileRef = 35F1EDD81D93518A0013CDB5 /* LoginVC.swift */; };
		35F1EDDB1D9351B90013CDB5 /* ChatVC.swift in Sources */ = {isa = PBXBuildFile; fileRef = 35F1EDDA1D9351B90013CDB5 /* ChatVC.swift */; };
		35F1EDDD1D9378500013CDB5 /* GoogleService-Info.plist in Resources */ = {isa = PBXBuildFile; fileRef = 35F1EDDC1D9378500013CDB5 /* GoogleService-Info.plist */; };
		35F1EDE01D9389190013CDB5 /* Helper.swift in Sources */ = {isa = PBXBuildFile; fileRef = 35F1EDDF1D9389190013CDB5 /* Helper.swift */; };
		35F1EDE21D93D0D10013CDB5 /* IMG_1158-1.mov in Resources */ = {isa = PBXBuildFile; fileRef = 35F1EDE11D93D0D10013CDB5 /* IMG_1158-1.mov */; };
		35F1EDE81D93DE220013CDB5 /* SampleVideo_640x360_1mb.mp4 in Resources */ = {isa = PBXBuildFile; fileRef = 35F1EDE71D93DE220013CDB5 /* SampleVideo_640x360_1mb.mp4 */; };
/* End PBXBuildFile section */

/* Begin PBXFileReference section */
		35F1EDC11D9350B70013CDB5 /* ChatApp.app */ = {isa = PBXFileReference; explicitFileType = wrapper.application; includeInIndex = 0; path = ChatApp.app; sourceTree = BUILT_PRODUCTS_DIR; };
		35F1EDC41D9350B70013CDB5 /* AppDelegate.swift */ = {isa = PBXFileReference; lastKnownFileType = sourcecode.swift; path = AppDelegate.swift; sourceTree = "<group>"; };
		35F1EDC91D9350B70013CDB5 /* Base */ = {isa = PBXFileReference; lastKnownFileType = file.storyboard; name = Base; path = Base.lproj/Main.storyboard; sourceTree = "<group>"; };
		35F1EDCB1D9350B70013CDB5 /* Assets.xcassets */ = {isa = PBXFileReference; lastKnownFileType = folder.assetcatalog; path = Assets.xcassets; sourceTree = "<group>"; };
		35F1EDCE1D9350B70013CDB5 /* Base */ = {isa = PBXFileReference; lastKnownFileType = file.storyboard; name = Base; path = Base.lproj/LaunchScreen.storyboard; sourceTree = "<group>"; };
		35F1EDD01D9350B70013CDB5 /* Info.plist */ = {isa = PBXFileReference; lastKnownFileType = text.plist.xml; path = Info.plist; sourceTree = "<group>"; };
		35F1EDD81D93518A0013CDB5 /* LoginVC.swift */ = {isa = PBXFileReference; fileEncoding = 4; lastKnownFileType = sourcecode.swift; path = LoginVC.swift; sourceTree = "<group>"; };
		35F1EDDA1D9351B90013CDB5 /* ChatVC.swift */ = {isa = PBXFileReference; fileEncoding = 4; lastKnownFileType = sourcecode.swift; path = ChatVC.swift; sourceTree = "<group>"; };
		35F1EDDC1D9378500013CDB5 /* GoogleService-Info.plist */ = {isa = PBXFileReference; fileEncoding = 4; lastKnownFileType = text.plist.xml; path = "GoogleService-Info.plist"; sourceTree = "<group>"; };
		35F1EDDE1D93838F0013CDB5 /* ChatApp.entitlements */ = {isa = PBXFileReference; lastKnownFileType = text.plist.entitlements; path = ChatApp.entitlements; sourceTree = "<group>"; };
		35F1EDDF1D9389190013CDB5 /* Helper.swift */ = {isa = PBXFileReference; fileEncoding = 4; lastKnownFileType = sourcecode.swift; path = Helper.swift; sourceTree = "<group>"; };
		35F1EDE11D93D0D10013CDB5 /* IMG_1158-1.mov */ = {isa = PBXFileReference; lastKnownFileType = video.quicktime; path = "IMG_1158-1.mov"; sourceTree = "<group>"; };
		35F1EDE71D93DE220013CDB5 /* SampleVideo_640x360_1mb.mp4 */ = {isa = PBXFileReference; lastKnownFileType = file; path = SampleVideo_640x360_1mb.mp4; sourceTree = "<group>"; };
		620139C920B730B9B6310020 /* Pods-ChatApp.release.xcconfig */ = {isa = PBXFileReference; includeInIndex = 1; lastKnownFileType = text.xcconfig; name = "Pods-ChatApp.release.xcconfig"; path = "Pods/Target Support Files/Pods-ChatApp/Pods-ChatApp.release.xcconfig"; sourceTree = "<group>"; };
		6E98C78E3C9241AF6A89AD45 /* Pods_ChatApp.framework */ = {isa = PBXFileReference; explicitFileType = wrapper.framework; includeInIndex = 0; path = Pods_ChatApp.framework; sourceTree = BUILT_PRODUCTS_DIR; };
		764460FEC7390865BC3A6001 /* Pods-ChatApp.debug.xcconfig */ = {isa = PBXFileReference; includeInIndex = 1; lastKnownFileType = text.xcconfig; name = "Pods-ChatApp.debug.xcconfig"; path = "Pods/Target Support Files/Pods-ChatApp/Pods-ChatApp.debug.xcconfig"; sourceTree = "<group>"; };
/* End PBXFileReference section */

/* Begin PBXFrameworksBuildPhase section */
		35F1EDBE1D9350B70013CDB5 /* Frameworks */ = {
			isa = PBXFrameworksBuildPhase;
			buildActionMask = 2147483647;
			files = (
				31CB8F00FB776A0B6A9C0F7A /* Pods_ChatApp.framework in Frameworks */,
			);
			runOnlyForDeploymentPostprocessing = 0;
		};
/* End PBXFrameworksBuildPhase section */

/* Begin PBXGroup section */
		35F1EDB81D9350B70013CDB5 = {
			isa = PBXGroup;
			children = (
				35F1EDC31D9350B70013CDB5 /* ChatApp */,
				35F1EDC21D9350B70013CDB5 /* Products */,
				D4D69E767D9CE94CEACDF667 /* Pods */,
				3A71D62B86F656742580B53D /* Frameworks */,
			);
			sourceTree = "<group>";
		};
		35F1EDC21D9350B70013CDB5 /* Products */ = {
			isa = PBXGroup;
			children = (
				35F1EDC11D9350B70013CDB5 /* ChatApp.app */,
			);
			name = Products;
			sourceTree = "<group>";
		};
		35F1EDC31D9350B70013CDB5 /* ChatApp */ = {
			isa = PBXGroup;
			children = (
				35F1EDDE1D93838F0013CDB5 /* ChatApp.entitlements */,
				35F1EDC41D9350B70013CDB5 /* AppDelegate.swift */,
				35F1EDD81D93518A0013CDB5 /* LoginVC.swift */,
				35F1EDDF1D9389190013CDB5 /* Helper.swift */,
				35F1EDDA1D9351B90013CDB5 /* ChatVC.swift */,
				35F1EDC81D9350B70013CDB5 /* Main.storyboard */,
				35F1EDCB1D9350B70013CDB5 /* Assets.xcassets */,
				35F1EDCD1D9350B70013CDB5 /* LaunchScreen.storyboard */,
				35F1EDDC1D9378500013CDB5 /* GoogleService-Info.plist */,
				35F1EDD01D9350B70013CDB5 /* Info.plist */,
				35F1EDE71D93DE220013CDB5 /* SampleVideo_640x360_1mb.mp4 */,
				35F1EDE11D93D0D10013CDB5 /* IMG_1158-1.mov */,
			);
			path = ChatApp;
			sourceTree = "<group>";
		};
		3A71D62B86F656742580B53D /* Frameworks */ = {
			isa = PBXGroup;
			children = (
				6E98C78E3C9241AF6A89AD45 /* Pods_ChatApp.framework */,
			);
			name = Frameworks;
			sourceTree = "<group>";
		};
		D4D69E767D9CE94CEACDF667 /* Pods */ = {
			isa = PBXGroup;
			children = (
				764460FEC7390865BC3A6001 /* Pods-ChatApp.debug.xcconfig */,
				620139C920B730B9B6310020 /* Pods-ChatApp.release.xcconfig */,
			);
			name = Pods;
			sourceTree = "<group>";
		};
/* End PBXGroup section */

/* Begin PBXNativeTarget section */
		35F1EDC01D9350B70013CDB5 /* ChatApp */ = {
			isa = PBXNativeTarget;
			buildConfigurationList = 35F1EDD31D9350B70013CDB5 /* Build configuration list for PBXNativeTarget "ChatApp" */;
			buildPhases = (
				9D9E4D6996B0AD307D6DB8AD /* 📦 Check Pods Manifest.lock */,
				35F1EDBD1D9350B70013CDB5 /* Sources */,
				35F1EDBE1D9350B70013CDB5 /* Frameworks */,
				35F1EDBF1D9350B70013CDB5 /* Resources */,
				37A6523B831B2DF8B4B6D93D /* 📦 Embed Pods Frameworks */,
				C52A1D3905BF981B33E8BA0D /* 📦 Copy Pods Resources */,
			);
			buildRules = (
			);
			dependencies = (
			);
			name = ChatApp;
			productName = ChatApp;
			productReference = 35F1EDC11D9350B70013CDB5 /* ChatApp.app */;
			productType = "com.apple.product-type.application";
		};
/* End PBXNativeTarget section */

/* Begin PBXProject section */
		35F1EDB91D9350B70013CDB5 /* Project object */ = {
			isa = PBXProject;
			attributes = {
				LastSwiftUpdateCheck = 0800;
				LastUpgradeCheck = 0800;
				ORGANIZATIONNAME = Pelican;
				TargetAttributes = {
					35F1EDC01D9350B70013CDB5 = {
						CreatedOnToolsVersion = 8.0;
						DevelopmentTeam = Z65JLH99GY;
						ProvisioningStyle = Automatic;
						SystemCapabilities = {
							com.apple.Keychain = {
								enabled = 1;
							};
						};
					};
				};
			};
			buildConfigurationList = 35F1EDBC1D9350B70013CDB5 /* Build configuration list for PBXProject "ChatApp" */;
			compatibilityVersion = "Xcode 3.2";
			developmentRegion = English;
			hasScannedForEncodings = 0;
			knownRegions = (
				en,
				Base,
			);
			mainGroup = 35F1EDB81D9350B70013CDB5;
			productRefGroup = 35F1EDC21D9350B70013CDB5 /* Products */;
			projectDirPath = "";
			projectRoot = "";
			targets = (
				35F1EDC01D9350B70013CDB5 /* ChatApp */,
			);
		};
/* End PBXProject section */

/* Begin PBXResourcesBuildPhase section */
		35F1EDBF1D9350B70013CDB5 /* Resources */ = {
			isa = PBXResourcesBuildPhase;
			buildActionMask = 2147483647;
			files = (
				35F1EDCF1D9350B70013CDB5 /* LaunchScreen.storyboard in Resources */,
				35F1EDCC1D9350B70013CDB5 /* Assets.xcassets in Resources */,
				35F1EDCA1D9350B70013CDB5 /* Main.storyboard in Resources */,
				35F1EDDD1D9378500013CDB5 /* GoogleService-Info.plist in Resources */,
				35F1EDE81D93DE220013CDB5 /* SampleVideo_640x360_1mb.mp4 in Resources */,
				35F1EDE21D93D0D10013CDB5 /* IMG_1158-1.mov in Resources */,
			);
			runOnlyForDeploymentPostprocessing = 0;
		};
/* End PBXResourcesBuildPhase section */

/* Begin PBXShellScriptBuildPhase section */
		37A6523B831B2DF8B4B6D93D /* 📦 Embed Pods Frameworks */ = {
			isa = PBXShellScriptBuildPhase;
			buildActionMask = 2147483647;
			files = (
			);
			inputPaths = (
			);
			name = "📦 Embed Pods Frameworks";
			outputPaths = (
			);
			runOnlyForDeploymentPostprocessing = 0;
			shellPath = /bin/sh;
			shellScript = "\"${SRCROOT}/Pods/Target Support Files/Pods-ChatApp/Pods-ChatApp-frameworks.sh\"\n";
			showEnvVarsInLog = 0;
		};
		9D9E4D6996B0AD307D6DB8AD /* 📦 Check Pods Manifest.lock */ = {
			isa = PBXShellScriptBuildPhase;
			buildActionMask = 2147483647;
			files = (
			);
			inputPaths = (
			);
			name = "📦 Check Pods Manifest.lock";
			outputPaths = (
			);
			runOnlyForDeploymentPostprocessing = 0;
			shellPath = /bin/sh;
			shellScript = "diff \"${PODS_ROOT}/../Podfile.lock\" \"${PODS_ROOT}/Manifest.lock\" > /dev/null\nif [[ $? != 0 ]] ; then\n    cat << EOM\nerror: The sandbox is not in sync with the Podfile.lock. Run 'pod install' or update your CocoaPods installation.\nEOM\n    exit 1\nfi\n";
			showEnvVarsInLog = 0;
		};
		C52A1D3905BF981B33E8BA0D /* 📦 Copy Pods Resources */ = {
			isa = PBXShellScriptBuildPhase;
			buildActionMask = 2147483647;
			files = (
			);
			inputPaths = (
			);
			name = "📦 Copy Pods Resources";
			outputPaths = (
			);
			runOnlyForDeploymentPostprocessing = 0;
			shellPath = /bin/sh;
			shellScript = "\"${SRCROOT}/Pods/Target Support Files/Pods-ChatApp/Pods-ChatApp-resources.sh\"\n";
			showEnvVarsInLog = 0;
		};
/* End PBXShellScriptBuildPhase section */

/* Begin PBXSourcesBuildPhase section */
		35F1EDBD1D9350B70013CDB5 /* Sources */ = {
			isa = PBXSourcesBuildPhase;
			buildActionMask = 2147483647;
			files = (
				35F1EDDB1D9351B90013CDB5 /* ChatVC.swift in Sources */,
				35F1EDD91D93518A0013CDB5 /* LoginVC.swift in Sources */,
				35F1EDC51D9350B70013CDB5 /* AppDelegate.swift in Sources */,
				35F1EDE01D9389190013CDB5 /* Helper.swift in Sources */,
			);
			runOnlyForDeploymentPostprocessing = 0;
		};
/* End PBXSourcesBuildPhase section */

/* Begin PBXVariantGroup section */
		35F1EDC81D9350B70013CDB5 /* Main.storyboard */ = {
			isa = PBXVariantGroup;
			children = (
				35F1EDC91D9350B70013CDB5 /* Base */,
			);
			name = Main.storyboard;
			sourceTree = "<group>";
		};
		35F1EDCD1D9350B70013CDB5 /* LaunchScreen.storyboard */ = {
			isa = PBXVariantGroup;
			children = (
				35F1EDCE1D9350B70013CDB5 /* Base */,
			);
			name = LaunchScreen.storyboard;
			sourceTree = "<group>";
		};
/* End PBXVariantGroup section */

/* Begin XCBuildConfiguration section */
		35F1EDD11D9350B70013CDB5 /* Debug */ = {
			isa = XCBuildConfiguration;
			buildSettings = {
				ALWAYS_SEARCH_USER_PATHS = NO;
				CLANG_ANALYZER_NONNULL = YES;
				CLANG_CXX_LANGUAGE_STANDARD = "gnu++0x";
				CLANG_CXX_LIBRARY = "libc++";
				CLANG_ENABLE_MODULES = YES;
				CLANG_ENABLE_OBJC_ARC = YES;
				CLANG_WARN_BOOL_CONVERSION = YES;
				CLANG_WARN_CONSTANT_CONVERSION = YES;
				CLANG_WARN_DIRECT_OBJC_ISA_USAGE = YES_ERROR;
				CLANG_WARN_DOCUMENTATION_COMMENTS = YES;
				CLANG_WARN_EMPTY_BODY = YES;
				CLANG_WARN_ENUM_CONVERSION = YES;
				CLANG_WARN_INFINITE_RECURSION = YES;
				CLANG_WARN_INT_CONVERSION = YES;
				CLANG_WARN_OBJC_ROOT_CLASS = YES_ERROR;
				CLANG_WARN_SUSPICIOUS_MOVES = YES;
				CLANG_WARN_UNREACHABLE_CODE = YES;
				CLANG_WARN__DUPLICATE_METHOD_MATCH = YES;
				"CODE_SIGN_IDENTITY[sdk=iphoneos*]" = "iPhone Developer";
				COPY_PHASE_STRIP = NO;
				DEBUG_INFORMATION_FORMAT = dwarf;
				ENABLE_STRICT_OBJC_MSGSEND = YES;
				ENABLE_TESTABILITY = YES;
				GCC_C_LANGUAGE_STANDARD = gnu99;
				GCC_DYNAMIC_NO_PIC = NO;
				GCC_NO_COMMON_BLOCKS = YES;
				GCC_OPTIMIZATION_LEVEL = 0;
				GCC_PREPROCESSOR_DEFINITIONS = (
					"DEBUG=1",
					"$(inherited)",
				);
				GCC_WARN_64_TO_32_BIT_CONVERSION = YES;
				GCC_WARN_ABOUT_RETURN_TYPE = YES_ERROR;
				GCC_WARN_UNDECLARED_SELECTOR = YES;
				GCC_WARN_UNINITIALIZED_AUTOS = YES_AGGRESSIVE;
				GCC_WARN_UNUSED_FUNCTION = YES;
				GCC_WARN_UNUSED_VARIABLE = YES;
				IPHONEOS_DEPLOYMENT_TARGET = 10.0;
				MTL_ENABLE_DEBUG_INFO = YES;
				ONLY_ACTIVE_ARCH = YES;
				SDKROOT = iphoneos;
				SWIFT_ACTIVE_COMPILATION_CONDITIONS = DEBUG;
				SWIFT_OPTIMIZATION_LEVEL = "-Onone";
				TARGETED_DEVICE_FAMILY = "1,2";
			};
			name = Debug;
		};
		35F1EDD21D9350B70013CDB5 /* Release */ = {
			isa = XCBuildConfiguration;
			buildSettings = {
				ALWAYS_SEARCH_USER_PATHS = NO;
				CLANG_ANALYZER_NONNULL = YES;
				CLANG_CXX_LANGUAGE_STANDARD = "gnu++0x";
				CLANG_CXX_LIBRARY = "libc++";
				CLANG_ENABLE_MODULES = YES;
				CLANG_ENABLE_OBJC_ARC = YES;
				CLANG_WARN_BOOL_CONVERSION = YES;
				CLANG_WARN_CONSTANT_CONVERSION = YES;
				CLANG_WARN_DIRECT_OBJC_ISA_USAGE = YES_ERROR;
				CLANG_WARN_DOCUMENTATION_COMMENTS = YES;
				CLANG_WARN_EMPTY_BODY = YES;
				CLANG_WARN_ENUM_CONVERSION = YES;
				CLANG_WARN_INFINITE_RECURSION = YES;
				CLANG_WARN_INT_CONVERSION = YES;
				CLANG_WARN_OBJC_ROOT_CLASS = YES_ERROR;
				CLANG_WARN_SUSPICIOUS_MOVES = YES;
				CLANG_WARN_UNREACHABLE_CODE = YES;
				CLANG_WARN__DUPLICATE_METHOD_MATCH = YES;
				"CODE_SIGN_IDENTITY[sdk=iphoneos*]" = "iPhone Developer";
				COPY_PHASE_STRIP = NO;
				DEBUG_INFORMATION_FORMAT = "dwarf-with-dsym";
				ENABLE_NS_ASSERTIONS = NO;
				ENABLE_STRICT_OBJC_MSGSEND = YES;
				GCC_C_LANGUAGE_STANDARD = gnu99;
				GCC_NO_COMMON_BLOCKS = YES;
				GCC_WARN_64_TO_32_BIT_CONVERSION = YES;
				GCC_WARN_ABOUT_RETURN_TYPE = YES_ERROR;
				GCC_WARN_UNDECLARED_SELECTOR = YES;
				GCC_WARN_UNINITIALIZED_AUTOS = YES_AGGRESSIVE;
				GCC_WARN_UNUSED_FUNCTION = YES;
				GCC_WARN_UNUSED_VARIABLE = YES;
				IPHONEOS_DEPLOYMENT_TARGET = 10.0;
				MTL_ENABLE_DEBUG_INFO = NO;
				SDKROOT = iphoneos;
				SWIFT_OPTIMIZATION_LEVEL = "-Owholemodule";
				TARGETED_DEVICE_FAMILY = "1,2";
				VALIDATE_PRODUCT = YES;
			};
			name = Release;
		};
		35F1EDD41D9350B70013CDB5 /* Debug */ = {
			isa = XCBuildConfiguration;
			baseConfigurationReference = 764460FEC7390865BC3A6001 /* Pods-ChatApp.debug.xcconfig */;
			buildSettings = {
				ASSETCATALOG_COMPILER_APPICON_NAME = AppIcon;
				CODE_SIGN_ENTITLEMENTS = ChatApp/ChatApp.entitlements;
				DEVELOPMENT_TEAM = Z65JLH99GY;
				INFOPLIST_FILE = ChatApp/Info.plist;
				LD_RUNPATH_SEARCH_PATHS = "$(inherited) @executable_path/Frameworks";
				PRODUCT_BUNDLE_IDENTIFIER = com.Pelican.ChatApp;
				PRODUCT_NAME = "$(TARGET_NAME)";
				SWIFT_VERSION = 3.0;
			};
			name = Debug;
		};
		35F1EDD51D9350B70013CDB5 /* Release */ = {
			isa = XCBuildConfiguration;
			baseConfigurationReference = 620139C920B730B9B6310020 /* Pods-ChatApp.release.xcconfig */;
			buildSettings = {
				ASSETCATALOG_COMPILER_APPICON_NAME = AppIcon;
				CODE_SIGN_ENTITLEMENTS = ChatApp/ChatApp.entitlements;
				DEVELOPMENT_TEAM = Z65JLH99GY;
				INFOPLIST_FILE = ChatApp/Info.plist;
				LD_RUNPATH_SEARCH_PATHS = "$(inherited) @executable_path/Frameworks";
				PRODUCT_BUNDLE_IDENTIFIER = com.Pelican.ChatApp;
				PRODUCT_NAME = "$(TARGET_NAME)";
				SWIFT_VERSION = 3.0;
			};
			name = Release;
		};
/* End XCBuildConfiguration section */

/* Begin XCConfigurationList section */
		35F1EDBC1D9350B70013CDB5 /* Build configuration list for PBXProject "ChatApp" */ = {
			isa = XCConfigurationList;
			buildConfigurations = (
				35F1EDD11D9350B70013CDB5 /* Debug */,
				35F1EDD21D9350B70013CDB5 /* Release */,
			);
			defaultConfigurationIsVisible = 0;
			defaultConfigurationName = Release;
		};
		35F1EDD31D9350B70013CDB5 /* Build configuration list for PBXNativeTarget "ChatApp" */ = {
			isa = XCConfigurationList;
			buildConfigurations = (
				35F1EDD41D9350B70013CDB5 /* Debug */,
				35F1EDD51D9350B70013CDB5 /* Release */,
			);
			defaultConfigurationIsVisible = 0;
			defaultConfigurationName = Release;
		};
/* End XCConfigurationList section */
	};
	rootObject = 35F1EDB91D9350B70013CDB5 /* Project object */;
}
